
Microsoft Visual Studio Solution File, Format Version 12.00
# Visual Studio Version 17
VisualStudioVersion = 17.14.36327.8
MinimumVisualStudioVersion = 10.0.40219.1
Project("{FAE04EC0-301F-11D3-BF4B-00C04F79EFBC}") = "ColourContrast", "ColourContrast\ColourContrast.csproj", "{7DA2B815-42B0-4B16-9C9A-58BB2F34E8F1}"
EndProject
Project("{FAE04EC0-301F-11D3-BF4B-00C04F79EFBC}") = "ColourContrast.tests", "ColourContrast.tests\ColourContrast.tests.csproj", "{834CA00A-B129-423B-B258-62DA5D7117F5}"
EndProject
Global
	GlobalSection(SolutionConfigurationPlatforms) = preSolution
		Debug|Any CPU = Debug|Any CPU
		Release|Any CPU = Release|Any CPU
	EndGlobalSection
	GlobalSection(ProjectConfigurationPlatforms) = postSolution
		{7DA2B815-42B0-4B16-9C9A-58BB2F34E8F1}.Debug|Any CPU.ActiveCfg = Debug|Any CPU
		{7DA2B815-42B0-4B16-9C9A-58BB2F34E8F1}.Debug|Any CPU.Build.0 = Debug|Any CPU
		{7DA2B815-42B0-4B16-9C9A-58BB2F34E8F1}.Release|Any CPU.ActiveCfg = Release|Any CPU
		{7DA2B815-42B0-4B16-9C9A-58BB2F34E8F1}.Release|Any CPU.Build.0 = Release|Any CPU
		{834CA00A-B129-423B-B258-62DA5D7117F5}.Debug|Any CPU.ActiveCfg = Debug|Any CPU
		{834CA00A-B129-423B-B258-62DA5D7117F5}.Debug|Any CPU.Build.0 = Debug|Any CPU
		{834CA00A-B129-423B-B258-62DA5D7117F5}.Release|Any CPU.ActiveCfg = Release|Any CPU
		{834CA00A-B129-423B-B258-62DA5D7117F5}.Release|Any CPU.Build.0 = Release|Any CPU
	EndGlobalSection
	GlobalSection(SolutionProperties) = preSolution
		HideSolutionNode = FALSE
	EndGlobalSection
	GlobalSection(ExtensibilityGlobals) = postSolution
		SolutionGuid = {DC13BDE2-8A48-44DC-A034-2DA8DF546970}
	EndGlobalSection
EndGlobal
